<?xml version="1.0" encoding="utf-8"?>
<Project DefaultTargets="Build" ToolsVersion="4.0" xmlns="http://schemas.microsoft.com/developer/msbuild/2003">
  <ItemGroup>
    <Filter Include="源文件">
      <UniqueIdentifier>{6eeb2714-715f-4965-9db0-1ea3116ef3ea}</UniqueIdentifier>
      <Extensions>cpp;c;cc;cxx;def;odl;idl;hpj;bat;asm;asmx</Extensions>
    </Filter>
    <Filter Include="头文件">
      <UniqueIdentifier>{5a251260-dc5c-4841-a859-c0309d3ce1a1}</UniqueIdentifier>
      <Extensions>h;hpp;hxx;hm;inl;inc;xsd</Extensions>
    </Filter>
    <Filter Include="项目说明">
      <UniqueIdentifier>{7a2ef9c8-715a-48da-915b-8f9894da2b84}</UniqueIdentifier>
      <Extensions>txt</Extensions>
    </Filter>
    <Filter Include="源文件\Main">
      <UniqueIdentifier>{dde9e9a4-fde3-479f-97db-082d99e3fc74}</UniqueIdentifier>
    </Filter>
    <Filter Include="源文件\W5500">
      <UniqueIdentifier>{6f790cb8-c920-4f5c-a37c-f9f053295bd5}</UniqueIdentifier>
    </Filter>
    <Filter Include="源文件\System">
      <UniqueIdentifier>{681cd0de-592b-48d0-b0a0-8a1795cf3d0f}</UniqueIdentifier>
    </Filter>
    <Filter Include="源文件\LCD12864">
      <UniqueIdentifier>{853554e3-5e12-492e-b542-8ce067f87cef}</UniqueIdentifier>
    </Filter>
    <Filter Include="源文件\GPIO">
      <UniqueIdentifier>{15cd0810-79d6-4896-922d-eae0dfbfd7de}</UniqueIdentifier>
    </Filter>
    <Filter Include="源文件\PS2">
      <UniqueIdentifier>{e1675aaa-a741-42e9-a02d-b1022e82fb91}</UniqueIdentifier>
    </Filter>
    <Filter Include="源文件\Nordic">
      <UniqueIdentifier>{ba5addc8-e9b0-4fbe-bb15-1d33b7ff612f}</UniqueIdentifier>
    </Filter>
    <Filter Include="源文件\Algorithm">
      <UniqueIdentifier>{39d0297c-c4bb-4fb2-ae83-b0f633a5f52b}</UniqueIdentifier>
    </Filter>
    <Filter Include="源文件\Wavplay">
      <UniqueIdentifier>{f64d1021-d419-47bb-b791-b643d4dfcfa0}</UniqueIdentifier>
    </Filter>
    <Filter Include="源文件\::CMSIS">
      <UniqueIdentifier>{f5942cc8-c538-4545-b770-d05b4a4ac94d}</UniqueIdentifier>
    </Filter>
    <Filter Include="源文件\::Device">
      <UniqueIdentifier>{558999cf-d782-4a9c-8728-8c22ac1a30ec}</UniqueIdentifier>
    </Filter>
    <Filter Include="源文件\fatFS">
      <UniqueIdentifier>{e5845be1-29d6-48dc-a5fe-a5bff6ad67e5}</UniqueIdentifier>
    </Filter>
    <Filter Include="源文件\LCD1602">
      <UniqueIdentifier>{99089918-b781-4d03-8d03-28fadacacd9a}</UniqueIdentifier>
    </Filter>
    <Filter Include="源文件\panel">
      <UniqueIdentifier>{6241feab-2621-4313-8aa4-bcf3955a5808}</UniqueIdentifier>
    </Filter>
    <Filter Include="源文件\Key">
      <UniqueIdentifier>{2f5e2416-2b50-46fd-9d7e-72a549333993}</UniqueIdentifier>
    </Filter>
    <Filter Include="源文件\GPIO\RS485">
      <UniqueIdentifier>{a10acd3e-9ca9-4ab8-a0b9-ce09055da5c3}</UniqueIdentifier>
    </Filter>
    <Filter Include="源文件\DS1302">
      <UniqueIdentifier>{de6ffb64-9c4b-4b26-a6d6-eff2bd64ff4c}</UniqueIdentifier>
    </Filter>
  </ItemGroup>
  <ItemGroup>
    <ClCompile Include="..\Source\Main.c">
      <Filter>源文件\Main</Filter>
    </ClCompile>
    <ClCompile Include="..\Source\Retarget.c">
      <Filter>源文件\Main</Filter>
    </ClCompile>
    <ClCompile Include="..\Source\stm32f10x_it.c">
      <Filter>源文件\Main</Filter>
    </ClCompile>
    <ClCompile Include="..\Source\W5500\Application\Application.c">
      <Filter>源文件\W5500</Filter>
    </ClCompile>
    <ClCompile Include="..\Source\W5500\Application\loopback_client.c">
      <Filter>源文件\W5500</Filter>
    </ClCompile>
    <ClCompile Include="..\Source\W5500\Application\loopback_server.c">
      <Filter>源文件\W5500</Filter>
    </ClCompile>
    <ClCompile Include="..\Source\W5500\Ethernet\socket.c">
      <Filter>源文件\W5500</Filter>
    </ClCompile>
    <ClCompile Include="..\Source\W5500\Ethernet\wizchip_conf.c">
      <Filter>源文件\W5500</Filter>
    </ClCompile>
    <ClCompile Include="..\Source\W5500\Platform\gpio_w5500.c">
      <Filter>源文件\W5500</Filter>
    </ClCompile>
    <ClCompile Include="..\Source\W5500\Ethernet\W5500\w5500.c">
      <Filter>源文件\W5500</Filter>
    </ClCompile>
    <ClCompile Include="..\Source\System\DMA.c">
      <Filter>源文件\System</Filter>
    </ClCompile>
    <ClCompile Include="..\Source\System\NVIC.c">
      <Filter>源文件\System</Filter>
    </ClCompile>
    <ClCompile Include="..\Source\System\RCC.c">
      <Filter>源文件\System</Filter>
    </ClCompile>
    <ClCompile Include="..\Source\System\SID.c">
      <Filter>源文件\System</Filter>
    </ClCompile>
    <ClCompile Include="..\Source\System\CAN\can1.c">
      <Filter>源文件\System</Filter>
    </ClCompile>
    <ClCompile Include="..\Source\System\CRC\crc.c">
      <Filter>源文件\System</Filter>
    </ClCompile>
    <ClCompile Include="..\Source\System\Delay\delay.c">
      <Filter>源文件\System</Filter>
    </ClCompile>
    <ClCompile Include="..\Source\System\Delay\SysTick.c">
      <Filter>源文件\System</Filter>
    </ClCompile>
    <ClCompile Include="..\Source\System\Malloc\malloc.c">
      <Filter>源文件\System</Filter>
    </ClCompile>
    <ClCompile Include="..\Source\System\SPI\spi1.c">
      <Filter>源文件\System</Filter>
    </ClCompile>
    <ClCompile Include="..\Source\System\SPI\spi2.c">
      <Filter>源文件\System</Filter>
    </ClCompile>
    <ClCompile Include="..\Source\System\SPI\spi3.c">
      <Filter>源文件\System</Filter>
    </ClCompile>
    <ClCompile Include="..\Source\System\Timer\timer1.c">
      <Filter>源文件\System</Filter>
    </ClCompile>
    <ClCompile Include="..\Source\System\Timer\timer2.c">
      <Filter>源文件\System</Filter>
    </ClCompile>
    <ClCompile Include="..\Source\System\Timer\timer3.c">
      <Filter>源文件\System</Filter>
    </ClCompile>
    <ClCompile Include="..\Source\System\Timer\timer4.c">
      <Filter>源文件\System</Filter>
    </ClCompile>
    <ClCompile Include="..\Source\System\Usart\usart1.c">
      <Filter>源文件\System</Filter>
    </ClCompile>
    <ClCompile Include="..\Source\System\Usart\usart3.c">
      <Filter>源文件\System</Filter>
    </ClCompile>
    <ClCompile Include="..\Source\System\Usart\usart.c">
      <Filter>源文件\System</Filter>
    </ClCompile>
    <ClCompile Include="..\Source\System\flash\flash.c">
      <Filter>源文件\System</Filter>
    </ClCompile>
    <ClCompile Include="..\Source\System\flash\SST25_Flash.c">
      <Filter>源文件\System</Filter>
    </ClCompile>
    <ClCompile Include="..\Source\System\flash\W25X_flash.c">
      <Filter>源文件\System</Filter>
    </ClCompile>
    <ClCompile Include="..\Source\System\RTC\rtc.c">
      <Filter>源文件\System</Filter>
    </ClCompile>
    <ClCompile Include="..\Source\System\SPI\spi.c">
      <Filter>源文件\System</Filter>
    </ClCompile>
    <ClCompile Include="..\Source\System\DAC\DAC.c">
      <Filter>源文件\System</Filter>
    </ClCompile>
    <ClCompile Include="..\Source\LCD12864\LCD12864_gpio.c">
      <Filter>源文件\LCD12864</Filter>
    </ClCompile>
    <ClCompile Include="..\Source\GPIO\in.c">
      <Filter>源文件\GPIO</Filter>
    </ClCompile>
    <ClCompile Include="..\Source\GPIO\led.c">
      <Filter>源文件\GPIO</Filter>
    </ClCompile>
    <ClCompile Include="..\Source\GPIO\out.c">
      <Filter>源文件\GPIO</Filter>
    </ClCompile>
    <ClCompile Include="..\Source\PS2\ps2.c">
      <Filter>源文件\PS2</Filter>
    </ClCompile>
    <ClCompile Include="..\Source\PS2\keyboard\keyboard.c">
      <Filter>源文件\PS2</Filter>
    </ClCompile>
    <ClCompile Include="..\Source\PS2\mouse\mouse.c">
      <Filter>源文件\PS2</Filter>
    </ClCompile>
    <ClCompile Include="..\Source\Nordic\common\hal_nrf_hw.c">
      <Filter>源文件\Nordic</Filter>
    </ClCompile>
    <ClCompile Include="..\Source\Nordic\nrf2401\NRF2401.c">
      <Filter>源文件\Nordic</Filter>
    </ClCompile>
    <ClCompile Include="..\Source\Nordic\nrf2401\NRF2401_main.c">
      <Filter>源文件\Nordic</Filter>
    </ClCompile>
    <ClCompile Include="..\Source\Nordic\nrf2401p\hal_nrf2401p.c">
      <Filter>源文件\Nordic</Filter>
    </ClCompile>
    <ClCompile Include="..\Source\Nordic\nrf2401p\nrf24l01p.c">
      <Filter>源文件\Nordic</Filter>
    </ClCompile>
    <ClCompile Include="..\Source\Algorithm\Queue\Queue.c">
      <Filter>源文件\Algorithm</Filter>
    </ClCompile>
    <ClCompile Include="..\Source\Algorithm\PfmBuffer\pfmBuffer.c">
      <Filter>源文件\Algorithm</Filter>
    </ClCompile>
    <ClCompile Include="..\Source\WavPlayer\wavpaly.c">
      <Filter>源文件\Wavplay</Filter>
    </ClCompile>
    <ClCompile Include="..\Source\LCD1602\lcd_1602a.c">
      <Filter>源文件\LCD1602</Filter>
    </ClCompile>
    <ClCompile Include="..\Source\panel\panel.c">
      <Filter>源文件\panel</Filter>
    </ClCompile>
    <ClCompile Include="..\Source\GPIO\Beep.c">
      <Filter>源文件\GPIO</Filter>
    </ClCompile>
    <ClCompile Include="..\Source\FATFS\option\cc936.c">
      <Filter>源文件\fatFS</Filter>
    </ClCompile>
    <ClCompile Include="..\Source\FATFS\diskio.c">
      <Filter>源文件\fatFS</Filter>
    </ClCompile>
    <ClCompile Include="..\Source\FATFS\ff.c">
      <Filter>源文件\fatFS</Filter>
    </ClCompile>
    <ClCompile Include="..\Source\KEY\key.c">
      <Filter>源文件\Key</Filter>
    </ClCompile>
    <ClCompile Include="..\Source\System\Usart\usart2.c">
      <Filter>源文件\System</Filter>
    </ClCompile>
    <ClCompile Include="..\Source\GPIO\RS485.c">
      <Filter>源文件\GPIO\RS485</Filter>
    </ClCompile>
    <ClCompile Include="..\Source\Algorithm\BipBuffer\BipBuffer.c">
      <Filter>源文件\Algorithm</Filter>
    </ClCompile>
    <ClCompile Include="..\Source\Algorithm\BipBuffer\mainBipBuffer.c">
      <Filter>源文件\Algorithm</Filter>
    </ClCompile>
    <ClCompile Include="..\Source\DS1302\ds1302.c">
      <Filter>源文件\DS1302</Filter>
    </ClCompile>
    <ClCompile Include="..\Source\System\Timer\timer5.c">
      <Filter>源文件\System</Filter>
    </ClCompile>
    <ClCompile Include="..\Source\System\Timer\timer6.c">
      <Filter>源文件\System</Filter>
    </ClCompile>
    <ClCompile Include="..\Source\System\Timer\timer7.c">
      <Filter>源文件\System</Filter>
    </ClCompile>
    <ClCompile Include="..\Source\System\Timer\timer8.c">
      <Filter>源文件\System</Filter>
    </ClCompile>
    <ClCompile Include="..\Source\Algorithm\StateMessage\sm.c">
      <Filter>源文件\Algorithm</Filter>
    </ClCompile>
    <ClCompile Include="..\Source\Algorithm\StateMessage\state.c">
      <Filter>源文件\Algorithm</Filter>
    </ClCompile>
    <ClCompile Include="..\Source\panel\panel_can.c">
      <Filter>源文件\panel</Filter>
    </ClCompile>
  </ItemGroup>
  <ItemGroup>
    <None Include="..\Source\LCD12864\LCD12864P\LCD12864P.C">
      <Filter>源文件\LCD12864</Filter>
    </None>
    <None Include="..\Source\LCD12864\LCD12864P\LCD12864P_main.C">
      <Filter>源文件\LCD12864</Filter>
    </None>
    <None Include="Readme.txt">
      <Filter>项目说明</Filter>
    </None>
    <None Include="..\RTE\Device\STM32F103VE\startup_stm32f10x_hd.s">
      <Filter>源文件\::CMSIS</Filter>
    </None>
  </ItemGroup>
  <ItemGroup>
    <ClInclude Include="..\Libraries\CMSIS\CM3\CoreSupport\core_cm3.h">
      <Filter>头文件</Filter>
    </ClInclude>
    <ClInclude Include="..\Source\FATFS\diskio.h">
      <Filter>头文件</Filter>
    </ClInclude>
    <ClInclude Include="..\Source\FATFS\ff.h">
      <Filter>头文件</Filter>
    </ClInclude>
    <ClInclude Include="..\Source\FATFS\ffconf.h">
      <Filter>头文件</Filter>
    </ClInclude>
    <ClInclude Include="..\Source\FATFS\integer.h">
      <Filter>头文件</Filter>
    </ClInclude>
    <ClInclude Include="..\Source\LCD1602\lcd_1602a.h">
      <Filter>源文件\LCD1602</Filter>
    </ClInclude>
    <ClInclude Include="..\Source\KEY\key.h">
      <Filter>源文件\Key</Filter>
    </ClInclude>
    <ClInclude Include="..\Source\GPIO\RS485.h">
      <Filter>源文件\GPIO\RS485</Filter>
    </ClInclude>
    <ClInclude Include="..\Source\DS1302\ds1302.h">
      <Filter>源文件\DS1302</Filter>
    </ClInclude>
    <ClInclude Include="..\Source\System\Timer\timer1.h">
      <Filter>源文件\System</Filter>
    </ClInclude>
    <ClInclude Include="..\Source\System\Timer\timer2.h">
      <Filter>源文件\System</Filter>
    </ClInclude>
    <ClInclude Include="..\Source\System\Timer\timer3.h">
      <Filter>源文件\System</Filter>
    </ClInclude>
    <ClInclude Include="..\Source\System\Timer\timer4.h">
      <Filter>源文件\System</Filter>
    </ClInclude>
    <ClInclude Include="..\Source\System\Timer\timer5.h">
      <Filter>源文件\System</Filter>
    </ClInclude>
    <ClInclude Include="..\Source\System\Timer\timer6.h">
      <Filter>源文件\System</Filter>
    </ClInclude>
    <ClInclude Include="..\Source\System\Timer\timer7.h">
      <Filter>源文件\System</Filter>
    </ClInclude>
    <ClInclude Include="..\Source\System\Timer\timer8.h">
      <Filter>源文件\System</Filter>
    </ClInclude>
  </ItemGroup>
</Project>