<?xml version="1.0" encoding="utf-8"?>
<Project ToolsVersion="4.0" xmlns="http://schemas.microsoft.com/developer/msbuild/2003">
  <ItemGroup>
    <Filter Include="源文件">
      <UniqueIdentifier>{4FC737F1-C7A5-4376-A066-2A32D752A2FF}</UniqueIdentifier>
      <Extensions>cpp;c;cc;cxx;def;odl;idl;hpj;bat;asm;asmx</Extensions>
    </Filter>
    <Filter Include="头文件">
      <UniqueIdentifier>{93995380-89BD-4b04-88EB-625FBE52EBFB}</UniqueIdentifier>
      <Extensions>h;hh;hpp;hxx;hm;inl;inc;xsd</Extensions>
    </Filter>
    <Filter Include="资源文件">
      <UniqueIdentifier>{67DA6AB6-F800-4c08-8B7A-83BB121AAD01}</UniqueIdentifier>
      <Extensions>rc;ico;cur;bmp;dlg;rc2;rct;bin;rgs;gif;jpg;jpeg;jpe;resx;tiff;tif;png;wav;mfcribbon-ms</Extensions>
    </Filter>
  </ItemGroup>
  <ItemGroup>
    <ClInclude Include="..\..\..\include\can.h">
      <Filter>头文件</Filter>
    </ClInclude>
    <ClInclude Include="..\..\..\include\can_dual.h">
      <Filter>头文件</Filter>
    </ClInclude>
    <ClInclude Include="..\..\..\include\can_zj.h">
      <Filter>头文件</Filter>
    </ClInclude>
    <ClInclude Include="..\..\..\include\config.h">
      <Filter>头文件</Filter>
    </ClInclude>
    <ClInclude Include="..\..\..\include\delay.h">
      <Filter>头文件</Filter>
    </ClInclude>
    <ClInclude Include="..\..\..\include\ds1302.h">
      <Filter>头文件</Filter>
    </ClInclude>
    <ClInclude Include="..\..\..\include\flash.h">
      <Filter>头文件</Filter>
    </ClInclude>
    <ClInclude Include="..\..\..\include\hardware.h">
      <Filter>头文件</Filter>
    </ClInclude>
    <ClInclude Include="..\..\..\include\led.h">
      <Filter>头文件</Filter>
    </ClInclude>
    <ClInclude Include="..\..\..\include\pt2262.h">
      <Filter>头文件</Filter>
    </ClInclude>
    <ClInclude Include="..\..\..\include\RS485.h">
      <Filter>头文件</Filter>
    </ClInclude>
    <ClInclude Include="..\..\..\include\stm32f10x_it.h">
      <Filter>头文件</Filter>
    </ClInclude>
    <ClInclude Include="..\..\..\include\sys.h">
      <Filter>头文件</Filter>
    </ClInclude>
    <ClInclude Include="..\..\..\include\timer.h">
      <Filter>头文件</Filter>
    </ClInclude>
    <ClInclude Include="..\..\..\include\Types.h">
      <Filter>头文件</Filter>
    </ClInclude>
    <ClInclude Include="..\..\..\include\usart.h">
      <Filter>头文件</Filter>
    </ClInclude>
    <ClInclude Include="..\..\..\include\util.h">
      <Filter>头文件</Filter>
    </ClInclude>
    <ClInclude Include="..\..\..\RTE\RTE_Components.h">
      <Filter>头文件</Filter>
    </ClInclude>
    <ClInclude Include="..\..\..\RTE\Device\STM32F103VE\stm32f10x_conf.h">
      <Filter>头文件</Filter>
    </ClInclude>
    <ClInclude Include="..\..\..\RTE\Device\STM32F103VE\RTE_Device.h">
      <Filter>头文件</Filter>
    </ClInclude>
  </ItemGroup>
  <ItemGroup>
    <ClCompile Include="..\..\..\hareware\can.c">
      <Filter>源文件</Filter>
    </ClCompile>
    <ClCompile Include="..\..\..\hareware\delay.c">
      <Filter>源文件</Filter>
    </ClCompile>
    <ClCompile Include="..\..\..\hareware\DS1302.c">
      <Filter>源文件</Filter>
    </ClCompile>
    <ClCompile Include="..\..\..\hareware\flash.c">
      <Filter>源文件</Filter>
    </ClCompile>
    <ClCompile Include="..\..\..\hareware\hardware.c">
      <Filter>源文件</Filter>
    </ClCompile>
    <ClCompile Include="..\..\..\hareware\led.c">
      <Filter>源文件</Filter>
    </ClCompile>
    <ClCompile Include="..\..\..\hareware\RS485.c">
      <Filter>源文件</Filter>
    </ClCompile>
    <ClCompile Include="..\..\..\hareware\timer.c">
      <Filter>源文件</Filter>
    </ClCompile>
    <ClCompile Include="..\..\..\hareware\usart.c">
      <Filter>源文件</Filter>
    </ClCompile>
    <ClCompile Include="..\..\..\users\main.c">
      <Filter>源文件</Filter>
    </ClCompile>
    <ClCompile Include="..\..\..\users\pt2262.c">
      <Filter>源文件</Filter>
    </ClCompile>
  </ItemGroup>
</Project>